
Microsoft Visual Studio Solution File, Format Version 12.00
# Visual Studio Version 17
VisualStudioVersion = 17.14.36414.22 d17.14
MinimumVisualStudioVersion = 10.0.40219.1
Project("{FAE04EC0-301F-11D3-BF4B-00C04F79EFBC}") = "testttt", "testttt\testttt.csproj", "{8F8ED135-8520-4675-AC5C-42E6C5B52E92}"
EndProject
Global
	GlobalSection(SolutionConfigurationPlatforms) = preSolution
		Debug|Any CPU = Debug|Any CPU
		Release|Any CPU = Release|Any CPU
	EndGlobalSection
	GlobalSection(ProjectConfigurationPlatforms) = postSolution
		{8F8ED135-8520-4675-AC5C-42E6C5B52E92}.Debug|Any CPU.ActiveCfg = Debug|Any CPU
		{8F8ED135-8520-4675-AC5C-42E6C5B52E92}.Debug|Any CPU.Build.0 = Debug|Any CPU
		{8F8ED135-8520-4675-AC5C-42E6C5B52E92}.Release|Any CPU.ActiveCfg = Release|Any CPU
		{8F8ED135-8520-4675-AC5C-42E6C5B52E92}.Release|Any CPU.Build.0 = Release|Any CPU
	EndGlobalSection
	GlobalSection(SolutionProperties) = preSolution
		HideSolutionNode = FALSE
	EndGlobalSection
	GlobalSection(ExtensibilityGlobals) = postSolution
		SolutionGuid = {411EC0F9-2369-463F-8C89-0C1E88140FF9}
	EndGlobalSection
EndGlobal
